
Microsoft Visual Studio Solution File, Format Version 12.00
# Visual Studio 15
VisualStudioVersion = 15.0.26730.16
MinimumVisualStudioVersion = 10.0.40219.1
Project("{8BC9CEB8-8B4A-11D0-8D11-00A0C91BC942}") = "Motor2D", "Game_Files\Motor2D\Motor2D.vcxproj", "{2AF9969B-F202-497B-AF30-7BEF9CE8005E}"
EndProject
Global
	GlobalSection(SolutionConfigurationPlatforms) = preSolution
		Debug|x86 = Debug|x86
		Release|x86 = Release|x86
	EndGlobalSection
	GlobalSection(ProjectConfigurationPlatforms) = postSolution
		{2AF9969B-F202-497B-AF30-7BEF9CE8005E}.Debug|x86.ActiveCfg = Debug|Win32
		{2AF9969B-F202-497B-AF30-7BEF9CE8005E}.Debug|x86.Build.0 = Debug|Win32
		{2AF9969B-F202-497B-AF30-7BEF9CE8005E}.Release|x86.ActiveCfg = Release|Win32
		{2AF9969B-F202-497B-AF30-7BEF9CE8005E}.Release|x86.Build.0 = Release|Win32
	EndGlobalSection
	GlobalSection(SolutionProperties) = preSolution
		HideSolutionNode = FALSE
	EndGlobalSection
	GlobalSection(ExtensibilityGlobals) = postSolution
		SolutionGuid = {F72038C3-837B-4826-BF38-00EC63215EE9}
	EndGlobalSection
EndGlobal
